
Microsoft Visual Studio Solution File, Format Version 12.00
# Visual Studio Version 17
VisualStudioVersion = 17.5.33516.290
MinimumVisualStudioVersion = 10.0.40219.1
Project("{FAE04EC0-301F-11D3-BF4B-00C04F79EFBC}") = "ValuesApi", "ValuesApi\ValuesApi.csproj", "{F3793C04-4D37-4653-9FF2-3CCE0E163324}"
EndProject
Global
	GlobalSection(SolutionConfigurationPlatforms) = preSolution
		Debug|Any CPU = Debug|Any CPU
		Release|Any CPU = Release|Any CPU
	EndGlobalSection
	GlobalSection(ProjectConfigurationPlatforms) = postSolution
		{F3793C04-4D37-4653-9FF2-3CCE0E163324}.Debug|Any CPU.ActiveCfg = Debug|Any CPU
		{F3793C04-4D37-4653-9FF2-3CCE0E163324}.Debug|Any CPU.Build.0 = Debug|Any CPU
		{F3793C04-4D37-4653-9FF2-3CCE0E163324}.Release|Any CPU.ActiveCfg = Release|Any CPU
		{F3793C04-4D37-4653-9FF2-3CCE0E163324}.Release|Any CPU.Build.0 = Release|Any CPU
	EndGlobalSection
	GlobalSection(SolutionProperties) = preSolution
		HideSolutionNode = FALSE
	EndGlobalSection
	GlobalSection(ExtensibilityGlobals) = postSolution
		SolutionGuid = {8CDF18B2-583E-4605-856D-32D53275C44A}
	EndGlobalSection
EndGlobal
